version = 1
revision = 1
requires-python = ">=3.11"

[[package]]
name = "planet-conqueror"
version = "0.1.0"
source = { virtual = "." }
dependencies = [
    { name = "pygame-ce" },
    { name = "pygbag" },
    { name = "websockets" },
]

[package.metadata]
requires-dist = [
    { name = "pygame-ce", specifier = ">=2.5.3" },
    { name = "pygbag", specifier = "==0.9.2" },
    { name = "websockets", specifier = ">=15.0.1" },
]

[[package]]
name = "pygame-ce"
version = "2.5.3"
source = { registry = "https://pypi.org/simple" }
sdist = { url = "https://files.pythonhosted.org/packages/aa/4b/c08d748c8b082cee786e09b65a126d391c39b28dc75e3cea036b4b47b9dd/pygame_ce-2.5.3.tar.gz", hash = "sha256:dc04f0bf1a270a84eb371556298a9902b9c4ab08137c9dd10ef03fa4e7fcbfed", size = 6987675 }
wheels = [
    { url = "https://files.pythonhosted.org/packages/59/dd/5fd5e5ed44c2a26a34ccd8ebde10a4bb42765dc2d08322ba76f9ba386ca5/pygame_ce-2.5.3-cp311-cp311-macosx_10_11_x86_64.whl", hash = "sha256:cae06a78dfa7845c3da5a4afd87f6388ccea24966768003d9f57df8543d4feef", size = 13725068 },
    { url = "https://files.pythonhosted.org/packages/36/76/e59240b28957cc0b35266c0eb0e162d64b879baf39e39b8f81cb50024cc6/pygame_ce-2.5.3-cp311-cp311-macosx_11_0_arm64.whl", hash = "sha256:2c3c5506dec038cc0984393e76df067862907da9bfec7c7350fe573c4a4be50b", size = 12965495 },
    { url = "https://files.pythonhosted.org/packages/24/a2/1c92203e2e58b83c8a905bd2bcbcdbf3bd6601c3922699fe8b47a4b5c43e/pygame_ce-2.5.3-cp311-cp311-manylinux_2_17_aarch64.manylinux2014_aarch64.whl", hash = "sha256:e91f4e0124102b8f65ba7618a656416bdae2826a5b3ab922b41d2b6dd06b5cef", size = 13607060 },
    { url = "https://files.pythonhosted.org/packages/24/72/e046bc7ddd2f985cd6da6b25059a69b82e6b1c304a9c1093f9e4b8a32efd/pygame_ce-2.5.3-cp311-cp311-manylinux_2_17_i686.manylinux2014_i686.whl", hash = "sha256:9d82ceee6f05cb8f5d600f1dbc691d69e78aed200a10ddf09135a5da61ee7d27", size = 14142295 },
    { url = "https://files.pythonhosted.org/packages/17/dc/fd9f264e54c7920f91a34956ae67fb888617f05c512d696bcc2b3c492587/pygame_ce-2.5.3-cp311-cp311-manylinux_2_17_x86_64.manylinux2014_x86_64.whl", hash = "sha256:d2cca1789ab4f3709c3b624743469a00753c5886f6cbd19d3f2f6c98571ad5a5", size = 13782729 },
    { url = "https://files.pythonhosted.org/packages/1c/ab/1ee32c9436f1f1f6789304d2b815d35a0890171961727a9a804fbe137610/pygame_ce-2.5.3-cp311-cp311-win32.whl", hash = "sha256:7b476879726b875b4feaa8e7362e3fced74dd05ef8824b666e175db947973bf5", size = 11068575 },
    { url = "https://files.pythonhosted.org/packages/2b/d0/de4a4f6e78c34d9f82f0faa541a5994cdd4e3e83f70f31d01f62652ec863/pygame_ce-2.5.3-cp311-cp311-win_amd64.whl", hash = "sha256:9fdaa6369506dc59a6f2dd76b839e1a3c262211137f5dcf9dd6d481618ccf43a", size = 11621383 },
    { url = "https://files.pythonhosted.org/packages/00/f6/3f01b97f77c8b8229d59a9a757c30cbd242c2c86690d3c7e23a017aae87d/pygame_ce-2.5.3-cp312-cp312-macosx_10_13_x86_64.whl", hash = "sha256:8f8ed4717295ee3d24c654ecfb008029417d1f51dcd3186f47656ff9488d43c1", size = 13718804 },
    { url = "https://files.pythonhosted.org/packages/b1/7e/64e7e548f7af7a6fcf1d37b0ff613636bfd8a18c2f03ccc0a0356b59dc59/pygame_ce-2.5.3-cp312-cp312-macosx_11_0_arm64.whl", hash = "sha256:32750dd7a9d952bfe09edc98c58415829794c47a7fdbc42acd37edc81599a294", size = 12971789 },
    { url = "https://files.pythonhosted.org/packages/19/2e/8d4c2d74b998075664409838530b005e326d88114e23d4be96615b005714/pygame_ce-2.5.3-cp312-cp312-manylinux_2_17_aarch64.manylinux2014_aarch64.whl", hash = "sha256:683794536260c7334d3b11584ba7671413a2cc54c4e4172d54106d8fe5dfbfa4", size = 13592676 },
    { url = "https://files.pythonhosted.org/packages/26/5f/e1710daf7b2c9ad0b3e5698f1796ca79a30aecd43ed67afa3d22d51cf62d/pygame_ce-2.5.3-cp312-cp312-manylinux_2_17_i686.manylinux2014_i686.whl", hash = "sha256:777e6cb3285bdc866ecc07be41e0a988ed1ff2cd6fd9fe651c2d514e1828238f", size = 14130707 },
    { url = "https://files.pythonhosted.org/packages/7b/1e/cb165afd867aac48557c3048bac69976996193976482f6c60327d9a46197/pygame_ce-2.5.3-cp312-cp312-manylinux_2_17_x86_64.manylinux2014_x86_64.whl", hash = "sha256:69ee891ac41587b96bff0373ef095c1a5589b256edcb5b3cfc62ef2646d394db", size = 13769425 },
    { url = "https://files.pythonhosted.org/packages/9a/2e/0383b45c24ff8462a41c888d43f89843a1f8ff7dee07dd0bee1c96f4f4c6/pygame_ce-2.5.3-cp312-cp312-win32.whl", hash = "sha256:6a671e06f81b5c5e16aabe8fda6ddcbf3d500505ade8b55595d2a8a51d65449a", size = 11066625 },
    { url = "https://files.pythonhosted.org/packages/f3/65/e91c5649f8e9d2a7ebe9c4865480103a522561453a5b8a6d2ae044a01d23/pygame_ce-2.5.3-cp312-cp312-win_amd64.whl", hash = "sha256:914ee1b38ad9c107ac4900aa491e4b0d22a1218645113afdb6028bed799eb27f", size = 11622299 },
    { url = "https://files.pythonhosted.org/packages/2c/10/85e3a06b5b3dee5770e3ccb1d78ef629a4d220df14c5ca95774b30562241/pygame_ce-2.5.3-cp313-cp313-macosx_10_13_x86_64.whl", hash = "sha256:6a60622da82b16ebb5da95bd6f3a6fc41d312ec0505c9333ec0eeaed74c78123", size = 13712664 },
    { url = "https://files.pythonhosted.org/packages/7f/dd/d3e6b15887eaf327594b63cd91fda96b3011d21a79368df4d82bbf23d4ac/pygame_ce-2.5.3-cp313-cp313-macosx_11_0_arm64.whl", hash = "sha256:4326d7914a2ff8eea987bb4d16a1caa9a65921308eeb26c6d1f66cd6a1a5a930", size = 12965944 },
    { url = "https://files.pythonhosted.org/packages/b9/e6/c7f80dd888a05f2290cc7ef0e492cca48cded0bf34073e57405e9757d35e/pygame_ce-2.5.3-cp313-cp313-manylinux_2_17_aarch64.manylinux2014_aarch64.whl", hash = "sha256:e2d25dd15fffc0e0e528d41941943b3775874aa66e171a5e8f86845fbc93518f", size = 13588585 },
    { url = "https://files.pythonhosted.org/packages/c2/65/ad9db36d76ed4706f547c957f127beb30f60fe76ccc8da8cbc4f364b015d/pygame_ce-2.5.3-cp313-cp313-manylinux_2_17_i686.manylinux2014_i686.whl", hash = "sha256:4f0c0e34008165b93a543d5ce526f8d6459662779c2f9ddc77ef3446329b2cc6", size = 14129006 },
    { url = "https://files.pythonhosted.org/packages/e5/96/e33fad39c931805927b723519607e4b0d8ecec4690541d265a9141e19734/pygame_ce-2.5.3-cp313-cp313-manylinux_2_17_x86_64.manylinux2014_x86_64.whl", hash = "sha256:c3ccb1f170cc3fd52d4c4c8575e29689b90b04db089b3c3cbb331955fdde244f", size = 13765876 },
    { url = "https://files.pythonhosted.org/packages/6a/d3/6c968e7044f47ddcc277fc6790c64b0cf2f1f10c3ae5b07fe8c6b458a870/pygame_ce-2.5.3-cp313-cp313-win32.whl", hash = "sha256:6ed3cc5b1c1c2580579569f76b2109843429cc66ca68e8bc7d9e0eb4224cae00", size = 11064408 },
    { url = "https://files.pythonhosted.org/packages/32/ce/d6dae18f3c3ee07a80054145973ed1da4c7b413eab03c6008b81b42ecb5b/pygame_ce-2.5.3-cp313-cp313-win_amd64.whl", hash = "sha256:308f432559ae60ad04316777792d49df1f84f22bbb67a374a38ee15e8d97bdba", size = 11620106 },
]

[[package]]
name = "pygbag"
version = "0.9.2"
source = { registry = "https://pypi.org/simple" }
sdist = { url = "https://files.pythonhosted.org/packages/5a/27/d6d9cf9c0831481b94606652c0861667d9254aecc59c0f1db0f948a126fe/pygbag-0.9.2.tar.gz", hash = "sha256:0e31860742a8ba9c527135cbb6d64f6d7d8d7b23b71ee87a15f1de9474690c25", size = 152074 }
wheels = [
    { url = "https://files.pythonhosted.org/packages/3a/19/6c4b2a515651849138cef43d878eba9a4f8e39113499a99e7c3d97890c5e/pygbag-0.9.2-py3-none-any.whl", hash = "sha256:3a60a80cc28ed21e3d5d98c08a5d8f857911e38e411b6e590ba640158e8656c1", size = 171937 },
]

[[package]]
name = "websockets"
version = "15.0.1"
source = { registry = "https://pypi.org/simple" }
sdist = { url = "https://files.pythonhosted.org/packages/21/e6/26d09fab466b7ca9c7737474c52be4f76a40301b08362eb2dbc19dcc16c1/websockets-15.0.1.tar.gz", hash = "sha256:82544de02076bafba038ce055ee6412d68da13ab47f0c60cab827346de828dee", size = 177016 }
wheels = [
    { url = "https://files.pythonhosted.org/packages/9f/32/18fcd5919c293a398db67443acd33fde142f283853076049824fc58e6f75/websockets-15.0.1-cp311-cp311-macosx_10_9_universal2.whl", hash = "sha256:823c248b690b2fd9303ba00c4f66cd5e2d8c3ba4aa968b2779be9532a4dad431", size = 175423 },
    { url = "https://files.pythonhosted.org/packages/76/70/ba1ad96b07869275ef42e2ce21f07a5b0148936688c2baf7e4a1f60d5058/websockets-15.0.1-cp311-cp311-macosx_10_9_x86_64.whl", hash = "sha256:678999709e68425ae2593acf2e3ebcbcf2e69885a5ee78f9eb80e6e371f1bf57", size = 173082 },
    { url = "https://files.pythonhosted.org/packages/86/f2/10b55821dd40eb696ce4704a87d57774696f9451108cff0d2824c97e0f97/websockets-15.0.1-cp311-cp311-macosx_11_0_arm64.whl", hash = "sha256:d50fd1ee42388dcfb2b3676132c78116490976f1300da28eb629272d5d93e905", size = 173330 },
    { url = "https://files.pythonhosted.org/packages/a5/90/1c37ae8b8a113d3daf1065222b6af61cc44102da95388ac0018fcb7d93d9/websockets-15.0.1-cp311-cp311-manylinux_2_17_aarch64.manylinux2014_aarch64.whl", hash = "sha256:d99e5546bf73dbad5bf3547174cd6cb8ba7273062a23808ffea025ecb1cf8562", size = 182878 },
    { url = "https://files.pythonhosted.org/packages/8e/8d/96e8e288b2a41dffafb78e8904ea7367ee4f891dafc2ab8d87e2124cb3d3/websockets-15.0.1-cp311-cp311-manylinux_2_5_i686.manylinux1_i686.manylinux_2_17_i686.manylinux2014_i686.whl", hash = "sha256:66dd88c918e3287efc22409d426c8f729688d89a0c587c88971a0faa2c2f3792", size = 181883 },
    { url = "https://files.pythonhosted.org/packages/93/1f/5d6dbf551766308f6f50f8baf8e9860be6182911e8106da7a7f73785f4c4/websockets-15.0.1-cp311-cp311-manylinux_2_5_x86_64.manylinux1_x86_64.manylinux_2_17_x86_64.manylinux2014_x86_64.whl", hash = "sha256:8dd8327c795b3e3f219760fa603dcae1dcc148172290a8ab15158cf85a953413", size = 182252 },
    { url = "https://files.pythonhosted.org/packages/d4/78/2d4fed9123e6620cbf1706c0de8a1632e1a28e7774d94346d7de1bba2ca3/websockets-15.0.1-cp311-cp311-musllinux_1_2_aarch64.whl", hash = "sha256:8fdc51055e6ff4adeb88d58a11042ec9a5eae317a0a53d12c062c8a8865909e8", size = 182521 },
    { url = "https://files.pythonhosted.org/packages/e7/3b/66d4c1b444dd1a9823c4a81f50231b921bab54eee2f69e70319b4e21f1ca/websockets-15.0.1-cp311-cp311-musllinux_1_2_i686.whl", hash = "sha256:693f0192126df6c2327cce3baa7c06f2a117575e32ab2308f7f8216c29d9e2e3", size = 181958 },
    { url = "https://files.pythonhosted.org/packages/08/ff/e9eed2ee5fed6f76fdd6032ca5cd38c57ca9661430bb3d5fb2872dc8703c/websockets-15.0.1-cp311-cp311-musllinux_1_2_x86_64.whl", hash = "sha256:54479983bd5fb469c38f2f5c7e3a24f9a4e70594cd68cd1fa6b9340dadaff7cf", size = 181918 },
    { url = "https://files.pythonhosted.org/packages/d8/75/994634a49b7e12532be6a42103597b71098fd25900f7437d6055ed39930a/websockets-15.0.1-cp311-cp311-win32.whl", hash = "sha256:16b6c1b3e57799b9d38427dda63edcbe4926352c47cf88588c0be4ace18dac85", size = 176388 },
    { url = "https://files.pythonhosted.org/packages/98/93/e36c73f78400a65f5e236cd376713c34182e6663f6889cd45a4a04d8f203/websockets-15.0.1-cp311-cp311-win_amd64.whl", hash = "sha256:27ccee0071a0e75d22cb35849b1db43f2ecd3e161041ac1ee9d2352ddf72f065", size = 176828 },
    { url = "https://files.pythonhosted.org/packages/51/6b/4545a0d843594f5d0771e86463606a3988b5a09ca5123136f8a76580dd63/websockets-15.0.1-cp312-cp312-macosx_10_13_universal2.whl", hash = "sha256:3e90baa811a5d73f3ca0bcbf32064d663ed81318ab225ee4f427ad4e26e5aff3", size = 175437 },
    { url = "https://files.pythonhosted.org/packages/f4/71/809a0f5f6a06522af902e0f2ea2757f71ead94610010cf570ab5c98e99ed/websockets-15.0.1-cp312-cp312-macosx_10_13_x86_64.whl", hash = "sha256:592f1a9fe869c778694f0aa806ba0374e97648ab57936f092fd9d87f8bc03665", size = 173096 },
    { url = "https://files.pythonhosted.org/packages/3d/69/1a681dd6f02180916f116894181eab8b2e25b31e484c5d0eae637ec01f7c/websockets-15.0.1-cp312-cp312-macosx_11_0_arm64.whl", hash = "sha256:0701bc3cfcb9164d04a14b149fd74be7347a530ad3bbf15ab2c678a2cd3dd9a2", size = 173332 },
    { url = "https://files.pythonhosted.org/packages/a6/02/0073b3952f5bce97eafbb35757f8d0d54812b6174ed8dd952aa08429bcc3/websockets-15.0.1-cp312-cp312-manylinux_2_17_aarch64.manylinux2014_aarch64.whl", hash = "sha256:e8b56bdcdb4505c8078cb6c7157d9811a85790f2f2b3632c7d1462ab5783d215", size = 183152 },
    { url = "https://files.pythonhosted.org/packages/74/45/c205c8480eafd114b428284840da0b1be9ffd0e4f87338dc95dc6ff961a1/websockets-15.0.1-cp312-cp312-manylinux_2_5_i686.manylinux1_i686.manylinux_2_17_i686.manylinux2014_i686.whl", hash = "sha256:0af68c55afbd5f07986df82831c7bff04846928ea8d1fd7f30052638788bc9b5", size = 182096 },
    { url = "https://files.pythonhosted.org/packages/14/8f/aa61f528fba38578ec553c145857a181384c72b98156f858ca5c8e82d9d3/websockets-15.0.1-cp312-cp312-manylinux_2_5_x86_64.manylinux1_x86_64.manylinux_2_17_x86_64.manylinux2014_x86_64.whl", hash = "sha256:64dee438fed052b52e4f98f76c5790513235efaa1ef7f3f2192c392cd7c91b65", size = 182523 },
    { url = "https://files.pythonhosted.org/packages/ec/6d/0267396610add5bc0d0d3e77f546d4cd287200804fe02323797de77dbce9/websockets-15.0.1-cp312-cp312-musllinux_1_2_aarch64.whl", hash = "sha256:d5f6b181bb38171a8ad1d6aa58a67a6aa9d4b38d0f8c5f496b9e42561dfc62fe", size = 182790 },
    { url = "https://files.pythonhosted.org/packages/02/05/c68c5adbf679cf610ae2f74a9b871ae84564462955d991178f95a1ddb7dd/websockets-15.0.1-cp312-cp312-musllinux_1_2_i686.whl", hash = "sha256:5d54b09eba2bada6011aea5375542a157637b91029687eb4fdb2dab11059c1b4", size = 182165 },
    { url = "https://files.pythonhosted.org/packages/29/93/bb672df7b2f5faac89761cb5fa34f5cec45a4026c383a4b5761c6cea5c16/websockets-15.0.1-cp312-cp312-musllinux_1_2_x86_64.whl", hash = "sha256:3be571a8b5afed347da347bfcf27ba12b069d9d7f42cb8c7028b5e98bbb12597", size = 182160 },
    { url = "https://files.pythonhosted.org/packages/ff/83/de1f7709376dc3ca9b7eeb4b9a07b4526b14876b6d372a4dc62312bebee0/websockets-15.0.1-cp312-cp312-win32.whl", hash = "sha256:c338ffa0520bdb12fbc527265235639fb76e7bc7faafbb93f6ba80d9c06578a9", size = 176395 },
    { url = "https://files.pythonhosted.org/packages/7d/71/abf2ebc3bbfa40f391ce1428c7168fb20582d0ff57019b69ea20fa698043/websockets-15.0.1-cp312-cp312-win_amd64.whl", hash = "sha256:fcd5cf9e305d7b8338754470cf69cf81f420459dbae8a3b40cee57417f4614a7", size = 176841 },
    { url = "https://files.pythonhosted.org/packages/cb/9f/51f0cf64471a9d2b4d0fc6c534f323b664e7095640c34562f5182e5a7195/websockets-15.0.1-cp313-cp313-macosx_10_13_universal2.whl", hash = "sha256:ee443ef070bb3b6ed74514f5efaa37a252af57c90eb33b956d35c8e9c10a1931", size = 175440 },
    { url = "https://files.pythonhosted.org/packages/8a/05/aa116ec9943c718905997412c5989f7ed671bc0188ee2ba89520e8765d7b/websockets-15.0.1-cp313-cp313-macosx_10_13_x86_64.whl", hash = "sha256:5a939de6b7b4e18ca683218320fc67ea886038265fd1ed30173f5ce3f8e85675", size = 173098 },
    { url = "https://files.pythonhosted.org/packages/ff/0b/33cef55ff24f2d92924923c99926dcce78e7bd922d649467f0eda8368923/websockets-15.0.1-cp313-cp313-macosx_11_0_arm64.whl", hash = "sha256:746ee8dba912cd6fc889a8147168991d50ed70447bf18bcda7039f7d2e3d9151", size = 173329 },
    { url = "https://files.pythonhosted.org/packages/31/1d/063b25dcc01faa8fada1469bdf769de3768b7044eac9d41f734fd7b6ad6d/websockets-15.0.1-cp313-cp313-manylinux_2_17_aarch64.manylinux2014_aarch64.whl", hash = "sha256:595b6c3969023ecf9041b2936ac3827e4623bfa3ccf007575f04c5a6aa318c22", size = 183111 },
    { url = "https://files.pythonhosted.org/packages/93/53/9a87ee494a51bf63e4ec9241c1ccc4f7c2f45fff85d5bde2ff74fcb68b9e/websockets-15.0.1-cp313-cp313-manylinux_2_5_i686.manylinux1_i686.manylinux_2_17_i686.manylinux2014_i686.whl", hash = "sha256:3c714d2fc58b5ca3e285461a4cc0c9a66bd0e24c5da9911e30158286c9b5be7f", size = 182054 },
    { url = "https://files.pythonhosted.org/packages/ff/b2/83a6ddf56cdcbad4e3d841fcc55d6ba7d19aeb89c50f24dd7e859ec0805f/websockets-15.0.1-cp313-cp313-manylinux_2_5_x86_64.manylinux1_x86_64.manylinux_2_17_x86_64.manylinux2014_x86_64.whl", hash = "sha256:0f3c1e2ab208db911594ae5b4f79addeb3501604a165019dd221c0bdcabe4db8", size = 182496 },
    { url = "https://files.pythonhosted.org/packages/98/41/e7038944ed0abf34c45aa4635ba28136f06052e08fc2168520bb8b25149f/websockets-15.0.1-cp313-cp313-musllinux_1_2_aarch64.whl", hash = "sha256:229cf1d3ca6c1804400b0a9790dc66528e08a6a1feec0d5040e8b9eb14422375", size = 182829 },
    { url = "https://files.pythonhosted.org/packages/e0/17/de15b6158680c7623c6ef0db361da965ab25d813ae54fcfeae2e5b9ef910/websockets-15.0.1-cp313-cp313-musllinux_1_2_i686.whl", hash = "sha256:756c56e867a90fb00177d530dca4b097dd753cde348448a1012ed6c5131f8b7d", size = 182217 },
    { url = "https://files.pythonhosted.org/packages/33/2b/1f168cb6041853eef0362fb9554c3824367c5560cbdaad89ac40f8c2edfc/websockets-15.0.1-cp313-cp313-musllinux_1_2_x86_64.whl", hash = "sha256:558d023b3df0bffe50a04e710bc87742de35060580a293c2a984299ed83bc4e4", size = 182195 },
    { url = "https://files.pythonhosted.org/packages/86/eb/20b6cdf273913d0ad05a6a14aed4b9a85591c18a987a3d47f20fa13dcc47/websockets-15.0.1-cp313-cp313-win32.whl", hash = "sha256:ba9e56e8ceeeedb2e080147ba85ffcd5cd0711b89576b83784d8605a7df455fa", size = 176393 },
    { url = "https://files.pythonhosted.org/packages/1b/6c/c65773d6cab416a64d191d6ee8a8b1c68a09970ea6909d16965d26bfed1e/websockets-15.0.1-cp313-cp313-win_amd64.whl", hash = "sha256:e09473f095a819042ecb2ab9465aee615bd9c2028e4ef7d933600a8401c79561", size = 176837 },
    { url = "https://files.pythonhosted.org/packages/fa/a8/5b41e0da817d64113292ab1f8247140aac61cbf6cfd085d6a0fa77f4984f/websockets-15.0.1-py3-none-any.whl", hash = "sha256:f7a866fbc1e97b5c617ee4116daaa09b722101d4a3c170c787450ba409f9736f", size = 169743 },
]
